
Microsoft Visual Studio Solution File, Format Version 12.00
# Visual Studio Version 17
VisualStudioVersion = 17.9.34723.18
MinimumVisualStudioVersion = 10.0.40219.1
Project("{9A19103F-16F7-4668-BE54-9A1E7A4F7556}") = "Assistant.Core.Tests", "Assistant.Core.Tests\Assistant.Core.Tests.csproj", "{0F5B2F61-8EA8-48FB-AFC0-56801A52167A}"
EndProject
Project("{9A19103F-16F7-4668-BE54-9A1E7A4F7556}") = "Assistant.Core", "Assistant.Core\Assistant.Core.csproj", "{4437BFEE-ABB0-4CA3-BF06-87FD928F23D8}"
EndProject
Global
	GlobalSection(SolutionConfigurationPlatforms) = preSolution
		Debug|Any CPU = Debug|Any CPU
		Release|Any CPU = Release|Any CPU
	EndGlobalSection
	GlobalSection(ProjectConfigurationPlatforms) = postSolution
		{0F5B2F61-8EA8-48FB-AFC0-56801A52167A}.Debug|Any CPU.ActiveCfg = Debug|Any CPU
		{0F5B2F61-8EA8-48FB-AFC0-56801A52167A}.Debug|Any CPU.Build.0 = Debug|Any CPU
		{0F5B2F61-8EA8-48FB-AFC0-56801A52167A}.Release|Any CPU.ActiveCfg = Release|Any CPU
		{0F5B2F61-8EA8-48FB-AFC0-56801A52167A}.Release|Any CPU.Build.0 = Release|Any CPU
		{4437BFEE-ABB0-4CA3-BF06-87FD928F23D8}.Debug|Any CPU.ActiveCfg = Debug|Any CPU
		{4437BFEE-ABB0-4CA3-BF06-87FD928F23D8}.Debug|Any CPU.Build.0 = Debug|Any CPU
		{4437BFEE-ABB0-4CA3-BF06-87FD928F23D8}.Release|Any CPU.ActiveCfg = Release|Any CPU
		{4437BFEE-ABB0-4CA3-BF06-87FD928F23D8}.Release|Any CPU.Build.0 = Release|Any CPU
	EndGlobalSection
	GlobalSection(SolutionProperties) = preSolution
		HideSolutionNode = FALSE
	EndGlobalSection
	GlobalSection(ExtensibilityGlobals) = postSolution
		SolutionGuid = {7B306386-6F16-4F6E-AFBD-0BFA9DA5B085}
	EndGlobalSection
EndGlobal
